
Microsoft Visual Studio Solution File, Format Version 12.00
# Visual Studio Version 17
VisualStudioVersion = 17.5.002.0
MinimumVisualStudioVersion = 10.0.40219.1
Project("{9A19103F-16F7-4668-BE54-9A1E7A4F7556}") = "JwtGenerator", "JwtGenerator.csproj", "{562BD2C2-9167-410D-AB0D-67ECC4A66374}"
EndProject
Global
	GlobalSection(SolutionConfigurationPlatforms) = preSolution
		Debug|Any CPU = Debug|Any CPU
		Release|Any CPU = Release|Any CPU
	EndGlobalSection
	GlobalSection(ProjectConfigurationPlatforms) = postSolution
		{562BD2C2-9167-410D-AB0D-67ECC4A66374}.Debug|Any CPU.ActiveCfg = Debug|Any CPU
		{562BD2C2-9167-410D-AB0D-67ECC4A66374}.Debug|Any CPU.Build.0 = Debug|Any CPU
		{562BD2C2-9167-410D-AB0D-67ECC4A66374}.Release|Any CPU.ActiveCfg = Release|Any CPU
		{562BD2C2-9167-410D-AB0D-67ECC4A66374}.Release|Any CPU.Build.0 = Release|Any CPU
	EndGlobalSection
	GlobalSection(SolutionProperties) = preSolution
		HideSolutionNode = FALSE
	EndGlobalSection
	GlobalSection(ExtensibilityGlobals) = postSolution
		SolutionGuid = {6ADAD79A-3028-41E0-AFDF-3840260D22FA}
	EndGlobalSection
EndGlobal
